// !$*UTF8*$!
{
	archiveVersion = 1;
	classes = {
	};
	objectVersion = 77;
	objects = {

/* Begin PBXBuildFile section */
		25B891842DB690B90001A12E /* ARKit.framework in Frameworks */ = {isa = PBXBuildFile; fileRef = 25B891832DB690B90001A12E /* ARKit.framework */; };
		25B891A72DB691F20001A12E /* SceneKit.framework in Frameworks */ = {isa = PBXBuildFile; fileRef = 25B891A62DB691F20001A12E /* SceneKit.framework */; };
		CED1CF322DAF24D2005BE9B0 /* RealityKitContent in Frameworks */ = {isa = PBXBuildFile; productRef = CED1CF312DAF24D2005BE9B0 /* RealityKitContent */; };
/* End PBXBuildFile section */

/* Begin PBXContainerItemProxy section */
		CED1CF452DAF24D3005BE9B0 /* PBXContainerItemProxy */ = {
			isa = PBXContainerItemProxy;
			containerPortal = CED1CF242DAF24D2005BE9B0 /* Project object */;
			proxyType = 1;
			remoteGlobalIDString = CED1CF2B2DAF24D2005BE9B0;
			remoteInfo = Stills;
		};
/* End PBXContainerItemProxy section */

/* Begin PBXFileReference section */
		25B891832DB690B90001A12E /* ARKit.framework */ = {isa = PBXFileReference; lastKnownFileType = wrapper.framework; name = ARKit.framework; path = System/Library/Frameworks/ARKit.framework; sourceTree = SDKROOT; };
		25B891A62DB691F20001A12E /* SceneKit.framework */ = {isa = PBXFileReference; lastKnownFileType = wrapper.framework; name = SceneKit.framework; path = System/Library/Frameworks/SceneKit.framework; sourceTree = SDKROOT; };
		CED1CF2C2DAF24D2005BE9B0 /* Stills.app */ = {isa = PBXFileReference; explicitFileType = wrapper.application; includeInIndex = 0; path = Stills.app; sourceTree = BUILT_PRODUCTS_DIR; };
		CED1CF302DAF24D2005BE9B0 /* RealityKitContent */ = {isa = PBXFileReference; lastKnownFileType = wrapper; path = RealityKitContent; sourceTree = "<group>"; };
		CED1CF442DAF24D3005BE9B0 /* StillsTests.xctest */ = {isa = PBXFileReference; explicitFileType = wrapper.cfbundle; includeInIndex = 0; path = StillsTests.xctest; sourceTree = BUILT_PRODUCTS_DIR; };
/* End PBXFileReference section */

/* Begin PBXFileSystemSynchronizedBuildFileExceptionSet section */
		CED1CF4A2DAF24D3005BE9B0 /* Exceptions for "Stills" folder in "Stills" target */ = {
			isa = PBXFileSystemSynchronizedBuildFileExceptionSet;
			membershipExceptions = (
				Info.plist,
			);
			target = CED1CF2B2DAF24D2005BE9B0 /* Stills */;
		};
/* End PBXFileSystemSynchronizedBuildFileExceptionSet section */

/* Begin PBXFileSystemSynchronizedRootGroup section */
		CED1CF2E2DAF24D2005BE9B0 /* Stills */ = {
			isa = PBXFileSystemSynchronizedRootGroup;
			exceptions = (
				CED1CF4A2DAF24D3005BE9B0 /* Exceptions for "Stills" folder in "Stills" target */,
			);
			path = Stills;
			sourceTree = "<group>";
		};
		CED1CF472DAF24D3005BE9B0 /* StillsTests */ = {
			isa = PBXFileSystemSynchronizedRootGroup;
			path = StillsTests;
			sourceTree = "<group>";
		};
/* End PBXFileSystemSynchronizedRootGroup section */

/* Begin PBXFrameworksBuildPhase section */
		CED1CF292DAF24D2005BE9B0 /* Frameworks */ = {
			isa = PBXFrameworksBuildPhase;
			buildActionMask = 2147483647;
			files = (
				25B891842DB690B90001A12E /* ARKit.framework in Frameworks */,
				25B891A72DB691F20001A12E /* SceneKit.framework in Frameworks */,
				CED1CF322DAF24D2005BE9B0 /* RealityKitContent in Frameworks */,
			);
			runOnlyForDeploymentPostprocessing = 0;
		};
		CED1CF412DAF24D3005BE9B0 /* Frameworks */ = {
			isa = PBXFrameworksBuildPhase;
			buildActionMask = 2147483647;
			files = (
			);
			runOnlyForDeploymentPostprocessing = 0;
		};
/* End PBXFrameworksBuildPhase section */

/* Begin PBXGroup section */
		25B891822DB690B90001A12E /* Frameworks */ = {
			isa = PBXGroup;
			children = (
				25B891A62DB691F20001A12E /* SceneKit.framework */,
				25B891832DB690B90001A12E /* ARKit.framework */,
			);
			name = Frameworks;
			sourceTree = "<group>";
		};
		CED1CF232DAF24D2005BE9B0 = {
			isa = PBXGroup;
			children = (
				CED1CF2E2DAF24D2005BE9B0 /* Stills */,
				CED1CF2F2DAF24D2005BE9B0 /* Packages */,
				CED1CF472DAF24D3005BE9B0 /* StillsTests */,
				25B891822DB690B90001A12E /* Frameworks */,
				CED1CF2D2DAF24D2005BE9B0 /* Products */,
			);
			sourceTree = "<group>";
		};
		CED1CF2D2DAF24D2005BE9B0 /* Products */ = {
			isa = PBXGroup;
			children = (
				CED1CF2C2DAF24D2005BE9B0 /* Stills.app */,
				CED1CF442DAF24D3005BE9B0 /* StillsTests.xctest */,
			);
			name = Products;
			sourceTree = "<group>";
		};
		CED1CF2F2DAF24D2005BE9B0 /* Packages */ = {
			isa = PBXGroup;
			children = (
				CED1CF302DAF24D2005BE9B0 /* RealityKitContent */,
			);
			path = Packages;
			sourceTree = "<group>";
		};
/* End PBXGroup section */

/* Begin PBXNativeTarget section */
		CED1CF2B2DAF24D2005BE9B0 /* Stills */ = {
			isa = PBXNativeTarget;
			buildConfigurationList = CED1CF4B2DAF24D3005BE9B0 /* Build configuration list for PBXNativeTarget "Stills" */;
			buildPhases = (
				CED1CF282DAF24D2005BE9B0 /* Sources */,
				CED1CF292DAF24D2005BE9B0 /* Frameworks */,
				CED1CF2A2DAF24D2005BE9B0 /* Resources */,
			);
			buildRules = (
			);
			dependencies = (
			);
			fileSystemSynchronizedGroups = (
				CED1CF2E2DAF24D2005BE9B0 /* Stills */,
			);
			name = Stills;
			packageProductDependencies = (
				CED1CF312DAF24D2005BE9B0 /* RealityKitContent */,
			);
			productName = Stills;
			productReference = CED1CF2C2DAF24D2005BE9B0 /* Stills.app */;
			productType = "com.apple.product-type.application";
		};
		CED1CF432DAF24D3005BE9B0 /* StillsTests */ = {
			isa = PBXNativeTarget;
			buildConfigurationList = CED1CF502DAF24D3005BE9B0 /* Build configuration list for PBXNativeTarget "StillsTests" */;
			buildPhases = (
				CED1CF402DAF24D3005BE9B0 /* Sources */,
				CED1CF412DAF24D3005BE9B0 /* Frameworks */,
				CED1CF422DAF24D3005BE9B0 /* Resources */,
			);
			buildRules = (
			);
			dependencies = (
				CED1CF462DAF24D3005BE9B0 /* PBXTargetDependency */,
			);
			fileSystemSynchronizedGroups = (
				CED1CF472DAF24D3005BE9B0 /* StillsTests */,
			);
			name = StillsTests;
			packageProductDependencies = (
			);
			productName = StillsTests;
			productReference = CED1CF442DAF24D3005BE9B0 /* StillsTests.xctest */;
			productType = "com.apple.product-type.bundle.unit-test";
		};
/* End PBXNativeTarget section */

/* Begin PBXProject section */
		CED1CF242DAF24D2005BE9B0 /* Project object */ = {
			isa = PBXProject;
			attributes = {
				BuildIndependentTargetsInParallel = 1;
				LastSwiftUpdateCheck = 1630;
				LastUpgradeCheck = 1630;
				TargetAttributes = {
					CED1CF2B2DAF24D2005BE9B0 = {
						CreatedOnToolsVersion = 16.3;
					};
					CED1CF432DAF24D3005BE9B0 = {
						CreatedOnToolsVersion = 16.3;
						TestTargetID = CED1CF2B2DAF24D2005BE9B0;
					};
				};
			};
			buildConfigurationList = CED1CF272DAF24D2005BE9B0 /* Build configuration list for PBXProject "Stills" */;
			developmentRegion = en;
			hasScannedForEncodings = 0;
			knownRegions = (
				en,
				Base,
			);
			mainGroup = CED1CF232DAF24D2005BE9B0;
			minimizedProjectReferenceProxies = 1;
			preferredProjectObjectVersion = 77;
			productRefGroup = CED1CF2D2DAF24D2005BE9B0 /* Products */;
			projectDirPath = "";
			projectRoot = "";
			targets = (
				CED1CF2B2DAF24D2005BE9B0 /* Stills */,
				CED1CF432DAF24D3005BE9B0 /* StillsTests */,
			);
		};
/* End PBXProject section */

/* Begin PBXResourcesBuildPhase section */
		CED1CF2A2DAF24D2005BE9B0 /* Resources */ = {
			isa = PBXResourcesBuildPhase;
			buildActionMask = 2147483647;
			files = (
			);
			runOnlyForDeploymentPostprocessing = 0;
		};
		CED1CF422DAF24D3005BE9B0 /* Resources */ = {
			isa = PBXResourcesBuildPhase;
			buildActionMask = 2147483647;
			files = (
			);
			runOnlyForDeploymentPostprocessing = 0;
		};
/* End PBXResourcesBuildPhase section */

/* Begin PBXSourcesBuildPhase section */
		CED1CF282DAF24D2005BE9B0 /* Sources */ = {
			isa = PBXSourcesBuildPhase;
			buildActionMask = 2147483647;
			files = (
			);
			runOnlyForDeploymentPostprocessing = 0;
		};
		CED1CF402DAF24D3005BE9B0 /* Sources */ = {
			isa = PBXSourcesBuildPhase;
			buildActionMask = 2147483647;
			files = (
			);
			runOnlyForDeploymentPostprocessing = 0;
		};
/* End PBXSourcesBuildPhase section */

/* Begin PBXTargetDependency section */
		CED1CF462DAF24D3005BE9B0 /* PBXTargetDependency */ = {
			isa = PBXTargetDependency;
			target = CED1CF2B2DAF24D2005BE9B0 /* Stills */;
			targetProxy = CED1CF452DAF24D3005BE9B0 /* PBXContainerItemProxy */;
		};
/* End PBXTargetDependency section */

/* Begin XCBuildConfiguration section */
		CED1CF4C2DAF24D3005BE9B0 /* Debug */ = {
			isa = XCBuildConfiguration;
			buildSettings = {
				ASSETCATALOG_COMPILER_APPICON_NAME = AppIcon;
				ASSETCATALOG_COMPILER_GLOBAL_ACCENT_COLOR_NAME = AccentColor;
				CODE_SIGN_STYLE = Automatic;
				CURRENT_PROJECT_VERSION = 1;
				DEVELOPMENT_TEAM = 4P94XUGPB2;
				ENABLE_PREVIEWS = YES;
				GENERATE_INFOPLIST_FILE = YES;
				INFOPLIST_FILE = "$(TARGET_NAME)/Info.plist";
				LD_RUNPATH_SEARCH_PATHS = (
					"$(inherited)",
					"@executable_path/Frameworks",
				);
				MARKETING_VERSION = 1.0;
				PRODUCT_BUNDLE_IDENTIFIER = usc.Stills;
				PRODUCT_NAME = "$(TARGET_NAME)";
				SUPPORTED_PLATFORMS = "xros xrsimulator";
				SWIFT_EMIT_LOC_STRINGS = YES;
				SWIFT_VERSION = 5.0;
				TARGETED_DEVICE_FAMILY = 7;
			};
			name = Debug;
		};
		CED1CF4D2DAF24D3005BE9B0 /* Release */ = {
			isa = XCBuildConfiguration;
			buildSettings = {
				ASSETCATALOG_COMPILER_APPICON_NAME = AppIcon;
				ASSETCATALOG_COMPILER_GLOBAL_ACCENT_COLOR_NAME = AccentColor;
				CODE_SIGN_STYLE = Automatic;
				CURRENT_PROJECT_VERSION = 1;
				DEVELOPMENT_TEAM = 4P94XUGPB2;
				ENABLE_PREVIEWS = YES;
				GENERATE_INFOPLIST_FILE = YES;
				INFOPLIST_FILE = "$(TARGET_NAME)/Info.plist";
				LD_RUNPATH_SEARCH_PATHS = (
					"$(inherited)",
					"@executable_path/Frameworks",
				);
				MARKETING_VERSION = 1.0;
				PRODUCT_BUNDLE_IDENTIFIER = usc.Stills;
				PRODUCT_NAME = "$(TARGET_NAME)";
				SUPPORTED_PLATFORMS = "xros xrsimulator";
				SWIFT_EMIT_LOC_STRINGS = YES;
				SWIFT_VERSION = 5.0;
				TARGETED_DEVICE_FAMILY = 7;
			};
			name = Release;
		};
		CED1CF4E2DAF24D3005BE9B0 /* Debug */ = {
			isa = XCBuildConfiguration;
			buildSettings = {
				ALWAYS_SEARCH_USER_PATHS = NO;
				ASSETCATALOG_COMPILER_GENERATE_SWIFT_ASSET_SYMBOL_EXTENSIONS = YES;
				CLANG_ANALYZER_NONNULL = YES;
				CLANG_ANALYZER_NUMBER_OBJECT_CONVERSION = YES_AGGRESSIVE;
				CLANG_CXX_LANGUAGE_STANDARD = "gnu++20";
				CLANG_ENABLE_MODULES = YES;
				CLANG_ENABLE_OBJC_ARC = YES;
				CLANG_ENABLE_OBJC_WEAK = YES;
				CLANG_WARN_BLOCK_CAPTURE_AUTORELEASING = YES;
				CLANG_WARN_BOOL_CONVERSION = YES;
				CLANG_WARN_COMMA = YES;
				CLANG_WARN_CONSTANT_CONVERSION = YES;
				CLANG_WARN_DEPRECATED_OBJC_IMPLEMENTATIONS = YES;
				CLANG_WARN_DIRECT_OBJC_ISA_USAGE = YES_ERROR;
				CLANG_WARN_DOCUMENTATION_COMMENTS = YES;
				CLANG_WARN_EMPTY_BODY = YES;
				CLANG_WARN_ENUM_CONVERSION = YES;
				CLANG_WARN_INFINITE_RECURSION = YES;
				CLANG_WARN_INT_CONVERSION = YES;
				CLANG_WARN_NON_LITERAL_NULL_CONVERSION = YES;
				CLANG_WARN_OBJC_IMPLICIT_RETAIN_SELF = YES;
				CLANG_WARN_OBJC_LITERAL_CONVERSION = YES;
				CLANG_WARN_OBJC_ROOT_CLASS = YES_ERROR;
				CLANG_WARN_QUOTED_INCLUDE_IN_FRAMEWORK_HEADER = YES;
				CLANG_WARN_RANGE_LOOP_ANALYSIS = YES;
				CLANG_WARN_STRICT_PROTOTYPES = YES;
				CLANG_WARN_SUSPICIOUS_MOVE = YES;
				CLANG_WARN_UNGUARDED_AVAILABILITY = YES_AGGRESSIVE;
				CLANG_WARN_UNREACHABLE_CODE = YES;
				CLANG_WARN__DUPLICATE_METHOD_MATCH = YES;
				COPY_PHASE_STRIP = NO;
				DEBUG_INFORMATION_FORMAT = dwarf;
				DEVELOPMENT_TEAM = FDQ4ZG7RKP;
				ENABLE_STRICT_OBJC_MSGSEND = YES;
				ENABLE_TESTABILITY = YES;
				ENABLE_USER_SCRIPT_SANDBOXING = YES;
				GCC_C_LANGUAGE_STANDARD = gnu17;
				GCC_DYNAMIC_NO_PIC = NO;
				GCC_NO_COMMON_BLOCKS = YES;
				GCC_OPTIMIZATION_LEVEL = 0;
				GCC_PREPROCESSOR_DEFINITIONS = (
					"DEBUG=1",
					"$(inherited)",
				);
				GCC_WARN_64_TO_32_BIT_CONVERSION = YES;
				GCC_WARN_ABOUT_RETURN_TYPE = YES_ERROR;
				GCC_WARN_UNDECLARED_SELECTOR = YES;
				GCC_WARN_UNINITIALIZED_AUTOS = YES_AGGRESSIVE;
				GCC_WARN_UNUSED_FUNCTION = YES;
				GCC_WARN_UNUSED_VARIABLE = YES;
				LOCALIZATION_PREFERS_STRING_CATALOGS = YES;
				MTL_ENABLE_DEBUG_INFO = INCLUDE_SOURCE;
				MTL_FAST_MATH = YES;
				ONLY_ACTIVE_ARCH = YES;
				SDKROOT = xros;
				SWIFT_ACTIVE_COMPILATION_CONDITIONS = "DEBUG $(inherited)";
				SWIFT_OPTIMIZATION_LEVEL = "-Onone";
				XROS_DEPLOYMENT_TARGET = 2.4;
			};
			name = Debug;
		};
		CED1CF4F2DAF24D3005BE9B0 /* Release */ = {
			isa = XCBuildConfiguration;
			buildSettings = {
				ALWAYS_SEARCH_USER_PATHS = NO;
				ASSETCATALOG_COMPILER_GENERATE_SWIFT_ASSET_SYMBOL_EXTENSIONS = YES;
				CLANG_ANALYZER_NONNULL = YES;
				CLANG_ANALYZER_NUMBER_OBJECT_CONVERSION = YES_AGGRESSIVE;
				CLANG_CXX_LANGUAGE_STANDARD = "gnu++20";
				CLANG_ENABLE_MODULES = YES;
				CLANG_ENABLE_OBJC_ARC = YES;
				CLANG_ENABLE_OBJC_WEAK = YES;
				CLANG_WARN_BLOCK_CAPTURE_AUTORELEASING = YES;
				CLANG_WARN_BOOL_CONVERSION = YES;
				CLANG_WARN_COMMA = YES;
				CLANG_WARN_CONSTANT_CONVERSION = YES;
				CLANG_WARN_DEPRECATED_OBJC_IMPLEMENTATIONS = YES;
				CLANG_WARN_DIRECT_OBJC_ISA_USAGE = YES_ERROR;
				CLANG_WARN_DOCUMENTATION_COMMENTS = YES;
				CLANG_WARN_EMPTY_BODY = YES;
				CLANG_WARN_ENUM_CONVERSION = YES;
				CLANG_WARN_INFINITE_RECURSION = YES;
				CLANG_WARN_INT_CONVERSION = YES;
				CLANG_WARN_NON_LITERAL_NULL_CONVERSION = YES;
				CLANG_WARN_OBJC_IMPLICIT_RETAIN_SELF = YES;
				CLANG_WARN_OBJC_LITERAL_CONVERSION = YES;
				CLANG_WARN_OBJC_ROOT_CLASS = YES_ERROR;
				CLANG_WARN_QUOTED_INCLUDE_IN_FRAMEWORK_HEADER = YES;
				CLANG_WARN_RANGE_LOOP_ANALYSIS = YES;
				CLANG_WARN_STRICT_PROTOTYPES = YES;
				CLANG_WARN_SUSPICIOUS_MOVE = YES;
				CLANG_WARN_UNGUARDED_AVAILABILITY = YES_AGGRESSIVE;
				CLANG_WARN_UNREACHABLE_CODE = YES;
				CLANG_WARN__DUPLICATE_METHOD_MATCH = YES;
				COPY_PHASE_STRIP = NO;
				DEBUG_INFORMATION_FORMAT = "dwarf-with-dsym";
				DEVELOPMENT_TEAM = FDQ4ZG7RKP;
				ENABLE_NS_ASSERTIONS = NO;
				ENABLE_STRICT_OBJC_MSGSEND = YES;
				ENABLE_USER_SCRIPT_SANDBOXING = YES;
				GCC_C_LANGUAGE_STANDARD = gnu17;
				GCC_NO_COMMON_BLOCKS = YES;
				GCC_WARN_64_TO_32_BIT_CONVERSION = YES;
				GCC_WARN_ABOUT_RETURN_TYPE = YES_ERROR;
				GCC_WARN_UNDECLARED_SELECTOR = YES;
				GCC_WARN_UNINITIALIZED_AUTOS = YES_AGGRESSIVE;
				GCC_WARN_UNUSED_FUNCTION = YES;
				GCC_WARN_UNUSED_VARIABLE = YES;
				LOCALIZATION_PREFERS_STRING_CATALOGS = YES;
				MTL_ENABLE_DEBUG_INFO = NO;
				MTL_FAST_MATH = YES;
				SDKROOT = xros;
				SWIFT_COMPILATION_MODE = wholemodule;
				VALIDATE_PRODUCT = YES;
				XROS_DEPLOYMENT_TARGET = 2.4;
			};
			name = Release;
		};
		CED1CF512DAF24D3005BE9B0 /* Debug */ = {
			isa = XCBuildConfiguration;
			buildSettings = {
				BUNDLE_LOADER = "$(TEST_HOST)";
				CODE_SIGN_STYLE = Automatic;
				CURRENT_PROJECT_VERSION = 1;
				DEVELOPMENT_TEAM = FDQ4ZG7RKP;
				GENERATE_INFOPLIST_FILE = YES;
				MARKETING_VERSION = 1.0;
				PRODUCT_BUNDLE_IDENTIFIER = usc.StillsTests;
				PRODUCT_NAME = "$(TARGET_NAME)";
				SUPPORTED_PLATFORMS = "xros xrsimulator";
				SWIFT_EMIT_LOC_STRINGS = NO;
				SWIFT_VERSION = 5.0;
				TARGETED_DEVICE_FAMILY = 7;
				TEST_HOST = "$(BUILT_PRODUCTS_DIR)/Stills.app/$(BUNDLE_EXECUTABLE_FOLDER_PATH)/Stills";
				XROS_DEPLOYMENT_TARGET = 2.4;
			};
			name = Debug;
		};
		CED1CF522DAF24D3005BE9B0 /* Release */ = {
			isa = XCBuildConfiguration;
			buildSettings = {
				BUNDLE_LOADER = "$(TEST_HOST)";
				CODE_SIGN_STYLE = Automatic;
				CURRENT_PROJECT_VERSION = 1;
				DEVELOPMENT_TEAM = FDQ4ZG7RKP;
				GENERATE_INFOPLIST_FILE = YES;
				MARKETING_VERSION = 1.0;
				PRODUCT_BUNDLE_IDENTIFIER = usc.StillsTests;
				PRODUCT_NAME = "$(TARGET_NAME)";
				SUPPORTED_PLATFORMS = "xros xrsimulator";
				SWIFT_EMIT_LOC_STRINGS = NO;
				SWIFT_VERSION = 5.0;
				TARGETED_DEVICE_FAMILY = 7;
				TEST_HOST = "$(BUILT_PRODUCTS_DIR)/Stills.app/$(BUNDLE_EXECUTABLE_FOLDER_PATH)/Stills";
				XROS_DEPLOYMENT_TARGET = 2.4;
			};
			name = Release;
		};
/* End XCBuildConfiguration section */

/* Begin XCConfigurationList section */
		CED1CF272DAF24D2005BE9B0 /* Build configuration list for PBXProject "Stills" */ = {
			isa = XCConfigurationList;
			buildConfigurations = (
				CED1CF4E2DAF24D3005BE9B0 /* Debug */,
				CED1CF4F2DAF24D3005BE9B0 /* Release */,
			);
			defaultConfigurationIsVisible = 0;
			defaultConfigurationName = Release;
		};
		CED1CF4B2DAF24D3005BE9B0 /* Build configuration list for PBXNativeTarget "Stills" */ = {
			isa = XCConfigurationList;
			buildConfigurations = (
				CED1CF4C2DAF24D3005BE9B0 /* Debug */,
				CED1CF4D2DAF24D3005BE9B0 /* Release */,
			);
			defaultConfigurationIsVisible = 0;
			defaultConfigurationName = Release;
		};
		CED1CF502DAF24D3005BE9B0 /* Build configuration list for PBXNativeTarget "StillsTests" */ = {
			isa = XCConfigurationList;
			buildConfigurations = (
				CED1CF512DAF24D3005BE9B0 /* Debug */,
				CED1CF522DAF24D3005BE9B0 /* Release */,
			);
			defaultConfigurationIsVisible = 0;
			defaultConfigurationName = Release;
		};
/* End XCConfigurationList section */

/* Begin XCSwiftPackageProductDependency section */
		CED1CF312DAF24D2005BE9B0 /* RealityKitContent */ = {
			isa = XCSwiftPackageProductDependency;
			productName = RealityKitContent;
		};
/* End XCSwiftPackageProductDependency section */
	};
	rootObject = CED1CF242DAF24D2005BE9B0 /* Project object */;
}
